
Microsoft Visual Studio Solution File, Format Version 12.00
# Visual Studio Version 17
VisualStudioVersion = 17.0.31903.59
MinimumVisualStudioVersion = 10.0.40219.1
Project("{FAE04EC0-301F-11D3-BF4B-00C04F79EFBC}") = "Amiquin.Bot", "Amiquin.Bot\Amiquin.Bot.csproj", "{29D3CD73-85B5-43AE-BA5E-2C2A4EEA1799}"
EndProject
Project("{FAE04EC0-301F-11D3-BF4B-00C04F79EFBC}") = "Amiquin.Core", "Amiquin.Core\Amiquin.Core.csproj", "{A9483BD6-217C-456C-A9C8-2A8EADE50808}"
EndProject
Project("{FAE04EC0-301F-11D3-BF4B-00C04F79EFBC}") = "Amiquin.Infrastructure", "Amiquin.Infrastructure\Amiquin.Infrastructure.csproj", "{C0D1075C-3D12-4C1A-BB82-799F6FD3EA4A}"
EndProject
Project("{2150E333-8FDC-42A3-9474-1A3956D46DE8}") = "Migrations", "Migrations", "{D4C4D1C2-DE9C-AF20-17FD-0A3EB2BFD436}"
EndProject
Project("{FAE04EC0-301F-11D3-BF4B-00C04F79EFBC}") = "Amiquin.MySql", "Migrations\Amiquin.MySql\Amiquin.MySql.csproj", "{9797B52C-C7CD-4576-A421-28D120C4A19E}"
EndProject
Project("{FAE04EC0-301F-11D3-BF4B-00C04F79EFBC}") = "Amiquin.IntegrationTests", "Amiquin.IntegrationTests\Amiquin.IntegrationTests.csproj", "{EC025A38-7002-4A92-8BDB-FFAC73F2AB95}"
EndProject
Project("{FAE04EC0-301F-11D3-BF4B-00C04F79EFBC}") = "Amiquin.Tests", "Amiquin.Tests\Amiquin.Tests.csproj", "{B8E7C2F1-9A4D-4E2F-A7B5-1C3D5E6F7A8B}"
EndProject
Project("{FAE04EC0-301F-11D3-BF4B-00C04F79EFBC}") = "Amiquin.Sqlite", "Migrations\Amiquin.Sqlite\Amiquin.Sqlite.csproj", "{D2DCBB88-C795-43C3-89C9-1ADC58002599}"
EndProject
Global
	GlobalSection(SolutionConfigurationPlatforms) = preSolution
		Debug|Any CPU = Debug|Any CPU
		Debug|x64 = Debug|x64
		Debug|x86 = Debug|x86
		Release|Any CPU = Release|Any CPU
		Release|x64 = Release|x64
		Release|x86 = Release|x86
	EndGlobalSection
	GlobalSection(ProjectConfigurationPlatforms) = postSolution
		{29D3CD73-85B5-43AE-BA5E-2C2A4EEA1799}.Debug|Any CPU.ActiveCfg = Debug|Any CPU
		{29D3CD73-85B5-43AE-BA5E-2C2A4EEA1799}.Debug|Any CPU.Build.0 = Debug|Any CPU
		{29D3CD73-85B5-43AE-BA5E-2C2A4EEA1799}.Debug|x64.ActiveCfg = Debug|Any CPU
		{29D3CD73-85B5-43AE-BA5E-2C2A4EEA1799}.Debug|x64.Build.0 = Debug|Any CPU
		{29D3CD73-85B5-43AE-BA5E-2C2A4EEA1799}.Debug|x86.ActiveCfg = Debug|Any CPU
		{29D3CD73-85B5-43AE-BA5E-2C2A4EEA1799}.Debug|x86.Build.0 = Debug|Any CPU
		{29D3CD73-85B5-43AE-BA5E-2C2A4EEA1799}.Release|Any CPU.ActiveCfg = Release|Any CPU
		{29D3CD73-85B5-43AE-BA5E-2C2A4EEA1799}.Release|Any CPU.Build.0 = Release|Any CPU
		{29D3CD73-85B5-43AE-BA5E-2C2A4EEA1799}.Release|x64.ActiveCfg = Release|Any CPU
		{29D3CD73-85B5-43AE-BA5E-2C2A4EEA1799}.Release|x64.Build.0 = Release|Any CPU
		{29D3CD73-85B5-43AE-BA5E-2C2A4EEA1799}.Release|x86.ActiveCfg = Release|Any CPU
		{29D3CD73-85B5-43AE-BA5E-2C2A4EEA1799}.Release|x86.Build.0 = Release|Any CPU
		{A9483BD6-217C-456C-A9C8-2A8EADE50808}.Debug|Any CPU.ActiveCfg = Debug|Any CPU
		{A9483BD6-217C-456C-A9C8-2A8EADE50808}.Debug|Any CPU.Build.0 = Debug|Any CPU
		{A9483BD6-217C-456C-A9C8-2A8EADE50808}.Debug|x64.ActiveCfg = Debug|Any CPU
		{A9483BD6-217C-456C-A9C8-2A8EADE50808}.Debug|x64.Build.0 = Debug|Any CPU
		{A9483BD6-217C-456C-A9C8-2A8EADE50808}.Debug|x86.ActiveCfg = Debug|Any CPU
		{A9483BD6-217C-456C-A9C8-2A8EADE50808}.Debug|x86.Build.0 = Debug|Any CPU
		{A9483BD6-217C-456C-A9C8-2A8EADE50808}.Release|Any CPU.ActiveCfg = Release|Any CPU
		{A9483BD6-217C-456C-A9C8-2A8EADE50808}.Release|Any CPU.Build.0 = Release|Any CPU
		{A9483BD6-217C-456C-A9C8-2A8EADE50808}.Release|x64.ActiveCfg = Release|Any CPU
		{A9483BD6-217C-456C-A9C8-2A8EADE50808}.Release|x64.Build.0 = Release|Any CPU
		{A9483BD6-217C-456C-A9C8-2A8EADE50808}.Release|x86.ActiveCfg = Release|Any CPU
		{A9483BD6-217C-456C-A9C8-2A8EADE50808}.Release|x86.Build.0 = Release|Any CPU
		{C0D1075C-3D12-4C1A-BB82-799F6FD3EA4A}.Debug|Any CPU.ActiveCfg = Debug|Any CPU
		{C0D1075C-3D12-4C1A-BB82-799F6FD3EA4A}.Debug|Any CPU.Build.0 = Debug|Any CPU
		{C0D1075C-3D12-4C1A-BB82-799F6FD3EA4A}.Debug|x64.ActiveCfg = Debug|Any CPU
		{C0D1075C-3D12-4C1A-BB82-799F6FD3EA4A}.Debug|x64.Build.0 = Debug|Any CPU
		{C0D1075C-3D12-4C1A-BB82-799F6FD3EA4A}.Debug|x86.ActiveCfg = Debug|Any CPU
		{C0D1075C-3D12-4C1A-BB82-799F6FD3EA4A}.Debug|x86.Build.0 = Debug|Any CPU
		{C0D1075C-3D12-4C1A-BB82-799F6FD3EA4A}.Release|Any CPU.ActiveCfg = Release|Any CPU
		{C0D1075C-3D12-4C1A-BB82-799F6FD3EA4A}.Release|Any CPU.Build.0 = Release|Any CPU
		{C0D1075C-3D12-4C1A-BB82-799F6FD3EA4A}.Release|x64.ActiveCfg = Release|Any CPU
		{C0D1075C-3D12-4C1A-BB82-799F6FD3EA4A}.Release|x64.Build.0 = Release|Any CPU
		{C0D1075C-3D12-4C1A-BB82-799F6FD3EA4A}.Release|x86.ActiveCfg = Release|Any CPU
		{C0D1075C-3D12-4C1A-BB82-799F6FD3EA4A}.Release|x86.Build.0 = Release|Any CPU
		{9797B52C-C7CD-4576-A421-28D120C4A19E}.Debug|Any CPU.ActiveCfg = Debug|Any CPU
		{9797B52C-C7CD-4576-A421-28D120C4A19E}.Debug|Any CPU.Build.0 = Debug|Any CPU
		{9797B52C-C7CD-4576-A421-28D120C4A19E}.Debug|x64.ActiveCfg = Debug|Any CPU
		{9797B52C-C7CD-4576-A421-28D120C4A19E}.Debug|x64.Build.0 = Debug|Any CPU
		{9797B52C-C7CD-4576-A421-28D120C4A19E}.Debug|x86.ActiveCfg = Debug|Any CPU
		{9797B52C-C7CD-4576-A421-28D120C4A19E}.Debug|x86.Build.0 = Debug|Any CPU
		{9797B52C-C7CD-4576-A421-28D120C4A19E}.Release|Any CPU.ActiveCfg = Release|Any CPU
		{9797B52C-C7CD-4576-A421-28D120C4A19E}.Release|Any CPU.Build.0 = Release|Any CPU
		{9797B52C-C7CD-4576-A421-28D120C4A19E}.Release|x64.ActiveCfg = Release|Any CPU
		{9797B52C-C7CD-4576-A421-28D120C4A19E}.Release|x64.Build.0 = Release|Any CPU
		{9797B52C-C7CD-4576-A421-28D120C4A19E}.Release|x86.ActiveCfg = Release|Any CPU
		{9797B52C-C7CD-4576-A421-28D120C4A19E}.Release|x86.Build.0 = Release|Any CPU
		{EC025A38-7002-4A92-8BDB-FFAC73F2AB95}.Debug|Any CPU.ActiveCfg = Debug|Any CPU
		{EC025A38-7002-4A92-8BDB-FFAC73F2AB95}.Debug|Any CPU.Build.0 = Debug|Any CPU
		{EC025A38-7002-4A92-8BDB-FFAC73F2AB95}.Debug|x64.ActiveCfg = Debug|Any CPU
		{EC025A38-7002-4A92-8BDB-FFAC73F2AB95}.Debug|x64.Build.0 = Debug|Any CPU
		{EC025A38-7002-4A92-8BDB-FFAC73F2AB95}.Debug|x86.ActiveCfg = Debug|Any CPU
		{EC025A38-7002-4A92-8BDB-FFAC73F2AB95}.Debug|x86.Build.0 = Debug|Any CPU
		{EC025A38-7002-4A92-8BDB-FFAC73F2AB95}.Release|Any CPU.ActiveCfg = Release|Any CPU
		{EC025A38-7002-4A92-8BDB-FFAC73F2AB95}.Release|Any CPU.Build.0 = Release|Any CPU
		{EC025A38-7002-4A92-8BDB-FFAC73F2AB95}.Release|x64.ActiveCfg = Release|Any CPU
		{EC025A38-7002-4A92-8BDB-FFAC73F2AB95}.Release|x64.Build.0 = Release|Any CPU
		{EC025A38-7002-4A92-8BDB-FFAC73F2AB95}.Release|x86.ActiveCfg = Release|Any CPU
		{EC025A38-7002-4A92-8BDB-FFAC73F2AB95}.Release|x86.Build.0 = Release|Any CPU
		{B8E7C2F1-9A4D-4E2F-A7B5-1C3D5E6F7A8B}.Debug|Any CPU.ActiveCfg = Debug|Any CPU
		{B8E7C2F1-9A4D-4E2F-A7B5-1C3D5E6F7A8B}.Debug|Any CPU.Build.0 = Debug|Any CPU
		{B8E7C2F1-9A4D-4E2F-A7B5-1C3D5E6F7A8B}.Debug|x64.ActiveCfg = Debug|Any CPU
		{B8E7C2F1-9A4D-4E2F-A7B5-1C3D5E6F7A8B}.Debug|x64.Build.0 = Debug|Any CPU
		{B8E7C2F1-9A4D-4E2F-A7B5-1C3D5E6F7A8B}.Debug|x86.ActiveCfg = Debug|Any CPU
		{B8E7C2F1-9A4D-4E2F-A7B5-1C3D5E6F7A8B}.Debug|x86.Build.0 = Debug|Any CPU
		{B8E7C2F1-9A4D-4E2F-A7B5-1C3D5E6F7A8B}.Release|Any CPU.ActiveCfg = Release|Any CPU
		{B8E7C2F1-9A4D-4E2F-A7B5-1C3D5E6F7A8B}.Release|Any CPU.Build.0 = Release|Any CPU
		{B8E7C2F1-9A4D-4E2F-A7B5-1C3D5E6F7A8B}.Release|x64.ActiveCfg = Release|Any CPU
		{B8E7C2F1-9A4D-4E2F-A7B5-1C3D5E6F7A8B}.Release|x64.Build.0 = Release|Any CPU
		{B8E7C2F1-9A4D-4E2F-A7B5-1C3D5E6F7A8B}.Release|x86.ActiveCfg = Release|Any CPU
		{B8E7C2F1-9A4D-4E2F-A7B5-1C3D5E6F7A8B}.Release|x86.Build.0 = Release|Any CPU
		{D2DCBB88-C795-43C3-89C9-1ADC58002599}.Debug|Any CPU.ActiveCfg = Debug|Any CPU
		{D2DCBB88-C795-43C3-89C9-1ADC58002599}.Debug|Any CPU.Build.0 = Debug|Any CPU
		{D2DCBB88-C795-43C3-89C9-1ADC58002599}.Debug|x64.ActiveCfg = Debug|Any CPU
		{D2DCBB88-C795-43C3-89C9-1ADC58002599}.Debug|x64.Build.0 = Debug|Any CPU
		{D2DCBB88-C795-43C3-89C9-1ADC58002599}.Debug|x86.ActiveCfg = Debug|Any CPU
		{D2DCBB88-C795-43C3-89C9-1ADC58002599}.Debug|x86.Build.0 = Debug|Any CPU
		{D2DCBB88-C795-43C3-89C9-1ADC58002599}.Release|Any CPU.ActiveCfg = Release|Any CPU
		{D2DCBB88-C795-43C3-89C9-1ADC58002599}.Release|Any CPU.Build.0 = Release|Any CPU
		{D2DCBB88-C795-43C3-89C9-1ADC58002599}.Release|x64.ActiveCfg = Release|Any CPU
		{D2DCBB88-C795-43C3-89C9-1ADC58002599}.Release|x64.Build.0 = Release|Any CPU
		{D2DCBB88-C795-43C3-89C9-1ADC58002599}.Release|x86.ActiveCfg = Release|Any CPU
		{D2DCBB88-C795-43C3-89C9-1ADC58002599}.Release|x86.Build.0 = Release|Any CPU
	EndGlobalSection
	GlobalSection(SolutionProperties) = preSolution
		HideSolutionNode = FALSE
	EndGlobalSection
	GlobalSection(NestedProjects) = preSolution
		{9797B52C-C7CD-4576-A421-28D120C4A19E} = {D4C4D1C2-DE9C-AF20-17FD-0A3EB2BFD436}
		{D2DCBB88-C795-43C3-89C9-1ADC58002599} = {D4C4D1C2-DE9C-AF20-17FD-0A3EB2BFD436}
	EndGlobalSection
EndGlobal
