
Microsoft Visual Studio Solution File, Format Version 12.00
# Visual Studio Version 17
VisualStudioVersion = 17.0.31903.59
MinimumVisualStudioVersion = 10.0.40219.1
Project("{FAE04EC0-301F-11D3-BF4B-00C04F79EFBC}") = "Amiquin.Bot", "Amiquin.Bot\Amiquin.Bot.csproj", "{29D3CD73-85B5-43AE-BA5E-2C2A4EEA1799}"
EndProject
Project("{FAE04EC0-301F-11D3-BF4B-00C04F79EFBC}") = "Amiquin.Core", "Amiquin.Core\Amiquin.Core.csproj", "{A9483BD6-217C-456C-A9C8-2A8EADE50808}"
EndProject
Project("{FAE04EC0-301F-11D3-BF4B-00C04F79EFBC}") = "Amiquin.Infrastructure", "Amiquin.Infrastructure\Amiquin.Infrastructure.csproj", "{C0D1075C-3D12-4C1A-BB82-799F6FD3EA4A}"
EndProject
Global
	GlobalSection(SolutionConfigurationPlatforms) = preSolution
		Debug|Any CPU = Debug|Any CPU
		Release|Any CPU = Release|Any CPU
	EndGlobalSection
	GlobalSection(SolutionProperties) = preSolution
		HideSolutionNode = FALSE
	EndGlobalSection
	GlobalSection(ProjectConfigurationPlatforms) = postSolution
		{29D3CD73-85B5-43AE-BA5E-2C2A4EEA1799}.Debug|Any CPU.ActiveCfg = Debug|Any CPU
		{29D3CD73-85B5-43AE-BA5E-2C2A4EEA1799}.Debug|Any CPU.Build.0 = Debug|Any CPU
		{29D3CD73-85B5-43AE-BA5E-2C2A4EEA1799}.Release|Any CPU.ActiveCfg = Release|Any CPU
		{29D3CD73-85B5-43AE-BA5E-2C2A4EEA1799}.Release|Any CPU.Build.0 = Release|Any CPU
		{A9483BD6-217C-456C-A9C8-2A8EADE50808}.Debug|Any CPU.ActiveCfg = Debug|Any CPU
		{A9483BD6-217C-456C-A9C8-2A8EADE50808}.Debug|Any CPU.Build.0 = Debug|Any CPU
		{A9483BD6-217C-456C-A9C8-2A8EADE50808}.Release|Any CPU.ActiveCfg = Release|Any CPU
		{A9483BD6-217C-456C-A9C8-2A8EADE50808}.Release|Any CPU.Build.0 = Release|Any CPU
		{C0D1075C-3D12-4C1A-BB82-799F6FD3EA4A}.Debug|Any CPU.ActiveCfg = Debug|Any CPU
		{C0D1075C-3D12-4C1A-BB82-799F6FD3EA4A}.Debug|Any CPU.Build.0 = Debug|Any CPU
		{C0D1075C-3D12-4C1A-BB82-799F6FD3EA4A}.Release|Any CPU.ActiveCfg = Release|Any CPU
		{C0D1075C-3D12-4C1A-BB82-799F6FD3EA4A}.Release|Any CPU.Build.0 = Release|Any CPU
	EndGlobalSection
EndGlobal
